
Microsoft Visual Studio Solution File, Format Version 12.00
# Visual Studio 15
VisualStudioVersion = 15.0.26430.12
MinimumVisualStudioVersion = 10.0.40219.1
Project("{FAE04EC0-301F-11D3-BF4B-00C04F79EFBC}") = "1. Distinct List", "1. Distinct List\1. Distinct List.csproj", "{09779BED-227A-4FE3-8AB8-3F04D0904C74}"
EndProject
Project("{FAE04EC0-301F-11D3-BF4B-00C04F79EFBC}") = "2. IntegerInsertion", "2. IntegerInsertion\2. IntegerInsertion.csproj", "{57D76BCF-66A4-4FF8-B958-108EA91C4D2B}"
EndProject
Project("{FAE04EC0-301F-11D3-BF4B-00C04F79EFBC}") = "3. CamelsBack", "3. CamelsBack\3. CamelsBack.csproj", "{58A167A1-EEE4-4B40-888C-8442EA21C8CB}"
EndProject
Project("{FAE04EC0-301F-11D3-BF4B-00C04F79EFBC}") = "4. UnunionLists", "4. UnunionLists\4. UnunionLists.csproj", "{C195E35A-8C61-4F98-B484-894C2C8A4910}"
EndProject
Project("{FAE04EC0-301F-11D3-BF4B-00C04F79EFBC}") = "5. NoteStatistics", "5. NoteStatistics\5. NoteStatistics.csproj", "{B2D2824C-D27E-4F6A-9A2F-E17C807F1CDF}"
EndProject
Global
	GlobalSection(SolutionConfigurationPlatforms) = preSolution
		Debug|Any CPU = Debug|Any CPU
		Release|Any CPU = Release|Any CPU
	EndGlobalSection
	GlobalSection(ProjectConfigurationPlatforms) = postSolution
		{09779BED-227A-4FE3-8AB8-3F04D0904C74}.Debug|Any CPU.ActiveCfg = Debug|Any CPU
		{09779BED-227A-4FE3-8AB8-3F04D0904C74}.Debug|Any CPU.Build.0 = Debug|Any CPU
		{09779BED-227A-4FE3-8AB8-3F04D0904C74}.Release|Any CPU.ActiveCfg = Release|Any CPU
		{09779BED-227A-4FE3-8AB8-3F04D0904C74}.Release|Any CPU.Build.0 = Release|Any CPU
		{57D76BCF-66A4-4FF8-B958-108EA91C4D2B}.Debug|Any CPU.ActiveCfg = Debug|Any CPU
		{57D76BCF-66A4-4FF8-B958-108EA91C4D2B}.Debug|Any CPU.Build.0 = Debug|Any CPU
		{57D76BCF-66A4-4FF8-B958-108EA91C4D2B}.Release|Any CPU.ActiveCfg = Release|Any CPU
		{57D76BCF-66A4-4FF8-B958-108EA91C4D2B}.Release|Any CPU.Build.0 = Release|Any CPU
		{58A167A1-EEE4-4B40-888C-8442EA21C8CB}.Debug|Any CPU.ActiveCfg = Debug|Any CPU
		{58A167A1-EEE4-4B40-888C-8442EA21C8CB}.Debug|Any CPU.Build.0 = Debug|Any CPU
		{58A167A1-EEE4-4B40-888C-8442EA21C8CB}.Release|Any CPU.ActiveCfg = Release|Any CPU
		{58A167A1-EEE4-4B40-888C-8442EA21C8CB}.Release|Any CPU.Build.0 = Release|Any CPU
		{C195E35A-8C61-4F98-B484-894C2C8A4910}.Debug|Any CPU.ActiveCfg = Debug|Any CPU
		{C195E35A-8C61-4F98-B484-894C2C8A4910}.Debug|Any CPU.Build.0 = Debug|Any CPU
		{C195E35A-8C61-4F98-B484-894C2C8A4910}.Release|Any CPU.ActiveCfg = Release|Any CPU
		{C195E35A-8C61-4F98-B484-894C2C8A4910}.Release|Any CPU.Build.0 = Release|Any CPU
		{B2D2824C-D27E-4F6A-9A2F-E17C807F1CDF}.Debug|Any CPU.ActiveCfg = Debug|Any CPU
		{B2D2824C-D27E-4F6A-9A2F-E17C807F1CDF}.Debug|Any CPU.Build.0 = Debug|Any CPU
		{B2D2824C-D27E-4F6A-9A2F-E17C807F1CDF}.Release|Any CPU.ActiveCfg = Release|Any CPU
		{B2D2824C-D27E-4F6A-9A2F-E17C807F1CDF}.Release|Any CPU.Build.0 = Release|Any CPU
	EndGlobalSection
	GlobalSection(SolutionProperties) = preSolution
		HideSolutionNode = FALSE
	EndGlobalSection
EndGlobal
