
Microsoft Visual Studio Solution File, Format Version 12.00
# Visual Studio 15
VisualStudioVersion = 15.0.26430.12
MinimumVisualStudioVersion = 10.0.40219.1
Project("{FAE04EC0-301F-11D3-BF4B-00C04F79EFBC}") = "01. SinoTheWalker", "01. SinoTheWalker\01. SinoTheWalker.csproj", "{C0810D21-4E3F-4BCF-8531-E3A6C85EAF9C}"
EndProject
Project("{FAE04EC0-301F-11D3-BF4B-00C04F79EFBC}") = "01. WormTest", "01. WormTest\01. WormTest.csproj", "{E991E916-D115-49CF-B17E-AE4A98E2783C}"
EndProject
Project("{FAE04EC0-301F-11D3-BF4B-00C04F79EFBC}") = "01. SplinterTrip", "01. SplinterTrip\01. SplinterTrip.csproj", "{E4F75DFB-9237-46CB-A3E8-1E7F59CF676F}"
EndProject
Project("{FAE04EC0-301F-11D3-BF4B-00C04F79EFBC}") = "02. SoftUniKaraoke", "02. SoftUniKaraoke\02. SoftUniKaraoke.csproj", "{5A8694AF-930E-48CB-B0D8-19B9972C329A}"
EndProject
Project("{FAE04EC0-301F-11D3-BF4B-00C04F79EFBC}") = "03. Wormhole", "03. Wormhole\03. Wormhole.csproj", "{0BD7015C-EC59-42BD-A76C-3E88DC335EED}"
EndProject
Project("{FAE04EC0-301F-11D3-BF4B-00C04F79EFBC}") = "03. EnduranceRally", "03. EnduranceRally\03. EnduranceRally.csproj", "{FEF4ACBA-F34F-41AB-A405-93BB1DEE4D05}"
EndProject
Project("{FAE04EC0-301F-11D3-BF4B-00C04F79EFBC}") = "04. WormsWorldParty", "04. WormsWorldParty\04. WormsWorldParty.csproj", "{44BFF5B5-096A-4145-AB32-B4C61AA03455}"
EndProject
Global
	GlobalSection(SolutionConfigurationPlatforms) = preSolution
		Debug|Any CPU = Debug|Any CPU
		Release|Any CPU = Release|Any CPU
	EndGlobalSection
	GlobalSection(ProjectConfigurationPlatforms) = postSolution
		{C0810D21-4E3F-4BCF-8531-E3A6C85EAF9C}.Debug|Any CPU.ActiveCfg = Debug|Any CPU
		{C0810D21-4E3F-4BCF-8531-E3A6C85EAF9C}.Debug|Any CPU.Build.0 = Debug|Any CPU
		{C0810D21-4E3F-4BCF-8531-E3A6C85EAF9C}.Release|Any CPU.ActiveCfg = Release|Any CPU
		{C0810D21-4E3F-4BCF-8531-E3A6C85EAF9C}.Release|Any CPU.Build.0 = Release|Any CPU
		{E991E916-D115-49CF-B17E-AE4A98E2783C}.Debug|Any CPU.ActiveCfg = Debug|Any CPU
		{E991E916-D115-49CF-B17E-AE4A98E2783C}.Debug|Any CPU.Build.0 = Debug|Any CPU
		{E991E916-D115-49CF-B17E-AE4A98E2783C}.Release|Any CPU.ActiveCfg = Release|Any CPU
		{E991E916-D115-49CF-B17E-AE4A98E2783C}.Release|Any CPU.Build.0 = Release|Any CPU
		{E4F75DFB-9237-46CB-A3E8-1E7F59CF676F}.Debug|Any CPU.ActiveCfg = Debug|Any CPU
		{E4F75DFB-9237-46CB-A3E8-1E7F59CF676F}.Debug|Any CPU.Build.0 = Debug|Any CPU
		{E4F75DFB-9237-46CB-A3E8-1E7F59CF676F}.Release|Any CPU.ActiveCfg = Release|Any CPU
		{E4F75DFB-9237-46CB-A3E8-1E7F59CF676F}.Release|Any CPU.Build.0 = Release|Any CPU
		{5A8694AF-930E-48CB-B0D8-19B9972C329A}.Debug|Any CPU.ActiveCfg = Debug|Any CPU
		{5A8694AF-930E-48CB-B0D8-19B9972C329A}.Debug|Any CPU.Build.0 = Debug|Any CPU
		{5A8694AF-930E-48CB-B0D8-19B9972C329A}.Release|Any CPU.ActiveCfg = Release|Any CPU
		{5A8694AF-930E-48CB-B0D8-19B9972C329A}.Release|Any CPU.Build.0 = Release|Any CPU
		{0BD7015C-EC59-42BD-A76C-3E88DC335EED}.Debug|Any CPU.ActiveCfg = Debug|Any CPU
		{0BD7015C-EC59-42BD-A76C-3E88DC335EED}.Debug|Any CPU.Build.0 = Debug|Any CPU
		{0BD7015C-EC59-42BD-A76C-3E88DC335EED}.Release|Any CPU.ActiveCfg = Release|Any CPU
		{0BD7015C-EC59-42BD-A76C-3E88DC335EED}.Release|Any CPU.Build.0 = Release|Any CPU
		{FEF4ACBA-F34F-41AB-A405-93BB1DEE4D05}.Debug|Any CPU.ActiveCfg = Debug|Any CPU
		{FEF4ACBA-F34F-41AB-A405-93BB1DEE4D05}.Debug|Any CPU.Build.0 = Debug|Any CPU
		{FEF4ACBA-F34F-41AB-A405-93BB1DEE4D05}.Release|Any CPU.ActiveCfg = Release|Any CPU
		{FEF4ACBA-F34F-41AB-A405-93BB1DEE4D05}.Release|Any CPU.Build.0 = Release|Any CPU
		{44BFF5B5-096A-4145-AB32-B4C61AA03455}.Debug|Any CPU.ActiveCfg = Debug|Any CPU
		{44BFF5B5-096A-4145-AB32-B4C61AA03455}.Debug|Any CPU.Build.0 = Debug|Any CPU
		{44BFF5B5-096A-4145-AB32-B4C61AA03455}.Release|Any CPU.ActiveCfg = Release|Any CPU
		{44BFF5B5-096A-4145-AB32-B4C61AA03455}.Release|Any CPU.Build.0 = Release|Any CPU
	EndGlobalSection
	GlobalSection(SolutionProperties) = preSolution
		HideSolutionNode = FALSE
	EndGlobalSection
EndGlobal
