
Microsoft Visual Studio Solution File, Format Version 12.00
# Visual Studio 15
VisualStudioVersion = 15.0.26430.12
MinimumVisualStudioVersion = 10.0.40219.1
Project("{FAE04EC0-301F-11D3-BF4B-00C04F79EFBC}") = "01. Letter Repetition", "01. Letter Repetition\01. Letter Repetition.csproj", "{0BF8C44C-3849-4868-950E-B2512FD4351E}"
EndProject
Project("{FAE04EC0-301F-11D3-BF4B-00C04F79EFBC}") = "02. Dict-Ref", "02. Dict-Ref\02. Dict-Ref.csproj", "{109857CD-38B4-400E-BF45-BE449A86C7AF}"
EndProject
Project("{FAE04EC0-301F-11D3-BF4B-00C04F79EFBC}") = "03. Mixed Phones", "03. Mixed Phones\03. Mixed Phones.csproj", "{BA89A860-9FBB-4446-8DD8-80345EB140EC}"
EndProject
Global
	GlobalSection(SolutionConfigurationPlatforms) = preSolution
		Debug|Any CPU = Debug|Any CPU
		Release|Any CPU = Release|Any CPU
	EndGlobalSection
	GlobalSection(ProjectConfigurationPlatforms) = postSolution
		{0BF8C44C-3849-4868-950E-B2512FD4351E}.Debug|Any CPU.ActiveCfg = Debug|Any CPU
		{0BF8C44C-3849-4868-950E-B2512FD4351E}.Debug|Any CPU.Build.0 = Debug|Any CPU
		{0BF8C44C-3849-4868-950E-B2512FD4351E}.Release|Any CPU.ActiveCfg = Release|Any CPU
		{0BF8C44C-3849-4868-950E-B2512FD4351E}.Release|Any CPU.Build.0 = Release|Any CPU
		{109857CD-38B4-400E-BF45-BE449A86C7AF}.Debug|Any CPU.ActiveCfg = Debug|Any CPU
		{109857CD-38B4-400E-BF45-BE449A86C7AF}.Debug|Any CPU.Build.0 = Debug|Any CPU
		{109857CD-38B4-400E-BF45-BE449A86C7AF}.Release|Any CPU.ActiveCfg = Release|Any CPU
		{109857CD-38B4-400E-BF45-BE449A86C7AF}.Release|Any CPU.Build.0 = Release|Any CPU
		{BA89A860-9FBB-4446-8DD8-80345EB140EC}.Debug|Any CPU.ActiveCfg = Debug|Any CPU
		{BA89A860-9FBB-4446-8DD8-80345EB140EC}.Debug|Any CPU.Build.0 = Debug|Any CPU
		{BA89A860-9FBB-4446-8DD8-80345EB140EC}.Release|Any CPU.ActiveCfg = Release|Any CPU
		{BA89A860-9FBB-4446-8DD8-80345EB140EC}.Release|Any CPU.Build.0 = Release|Any CPU
	EndGlobalSection
	GlobalSection(SolutionProperties) = preSolution
		HideSolutionNode = FALSE
	EndGlobalSection
EndGlobal
